
Microsoft Visual Studio Solution File, Format Version 12.00
# Visual Studio Version 16
VisualStudioVersion = 16.0.30413.136
MinimumVisualStudioVersion = 10.0.40219.1
Project("{9A19103F-16F7-4668-BE54-9A1E7A4F7556}") = "LibraryApi", "LibraryApi\LibraryApi.csproj", "{5807F10C-D849-4396-9464-DCFF7E62F3D1}"
EndProject
Project("{FAE04EC0-301F-11D3-BF4B-00C04F79EFBC}") = "LibraryApiIntegrationTests", "LibraryApiIntegrationTests\LibraryApiIntegrationTests.csproj", "{B86F6673-2302-4F94-84F7-D42AD30EDEF3}"
EndProject
Global
	GlobalSection(SolutionConfigurationPlatforms) = preSolution
		Debug|Any CPU = Debug|Any CPU
		Release|Any CPU = Release|Any CPU
	EndGlobalSection
	GlobalSection(ProjectConfigurationPlatforms) = postSolution
		{5807F10C-D849-4396-9464-DCFF7E62F3D1}.Debug|Any CPU.ActiveCfg = Debug|Any CPU
		{5807F10C-D849-4396-9464-DCFF7E62F3D1}.Debug|Any CPU.Build.0 = Debug|Any CPU
		{5807F10C-D849-4396-9464-DCFF7E62F3D1}.Release|Any CPU.ActiveCfg = Release|Any CPU
		{5807F10C-D849-4396-9464-DCFF7E62F3D1}.Release|Any CPU.Build.0 = Release|Any CPU
		{B86F6673-2302-4F94-84F7-D42AD30EDEF3}.Debug|Any CPU.ActiveCfg = Debug|Any CPU
		{B86F6673-2302-4F94-84F7-D42AD30EDEF3}.Debug|Any CPU.Build.0 = Debug|Any CPU
		{B86F6673-2302-4F94-84F7-D42AD30EDEF3}.Release|Any CPU.ActiveCfg = Release|Any CPU
		{B86F6673-2302-4F94-84F7-D42AD30EDEF3}.Release|Any CPU.Build.0 = Release|Any CPU
	EndGlobalSection
	GlobalSection(SolutionProperties) = preSolution
		HideSolutionNode = FALSE
	EndGlobalSection
	GlobalSection(ExtensibilityGlobals) = postSolution
		SolutionGuid = {81EBF734-F9CB-431E-9A49-612056776BFD}
	EndGlobalSection
EndGlobal
